
Microsoft Visual Studio Solution File, Format Version 12.00
# Visual Studio Version 16
VisualStudioVersion = 16.0.30011.22
MinimumVisualStudioVersion = 10.0.40219.1
Project("{FAE04EC0-301F-11D3-BF4B-00C04F79EFBC}") = "WebApplication3", "WebApplication3\WebApplication3.csproj", "{DCBF4632-2905-4D29-8C3D-D5DF31C606AB}"
EndProject
Project("{FAE04EC0-301F-11D3-BF4B-00C04F79EFBC}") = "CLModel", "CLModel\CLModel.csproj", "{182CE17A-E51A-482A-A738-8EF5B9860E73}"
EndProject
Project("{FAE04EC0-301F-11D3-BF4B-00C04F79EFBC}") = "DALClass", "DALClass\DALClass.csproj", "{7C2D2711-498A-45E1-AA9D-46B6C2F57E64}"
EndProject
Project("{FAE04EC0-301F-11D3-BF4B-00C04F79EFBC}") = "ClsLibraryBLL", "ClsLibraryBLL\ClsLibraryBLL.csproj", "{0A7B4104-B1DA-41BD-932D-220C8BC0DE57}"
EndProject
Project("{FAE04EC0-301F-11D3-BF4B-00C04F79EFBC}") = "CLUtils", "CLUtils\CLUtils.csproj", "{7ABDD1BF-B5BB-4469-B8CE-4A0A59D7476B}"
EndProject
Global
	GlobalSection(SolutionConfigurationPlatforms) = preSolution
		Debug|Any CPU = Debug|Any CPU
		Release|Any CPU = Release|Any CPU
	EndGlobalSection
	GlobalSection(ProjectConfigurationPlatforms) = postSolution
		{DCBF4632-2905-4D29-8C3D-D5DF31C606AB}.Debug|Any CPU.ActiveCfg = Debug|Any CPU
		{DCBF4632-2905-4D29-8C3D-D5DF31C606AB}.Debug|Any CPU.Build.0 = Debug|Any CPU
		{DCBF4632-2905-4D29-8C3D-D5DF31C606AB}.Release|Any CPU.ActiveCfg = Release|Any CPU
		{DCBF4632-2905-4D29-8C3D-D5DF31C606AB}.Release|Any CPU.Build.0 = Release|Any CPU
		{182CE17A-E51A-482A-A738-8EF5B9860E73}.Debug|Any CPU.ActiveCfg = Debug|Any CPU
		{182CE17A-E51A-482A-A738-8EF5B9860E73}.Debug|Any CPU.Build.0 = Debug|Any CPU
		{182CE17A-E51A-482A-A738-8EF5B9860E73}.Release|Any CPU.ActiveCfg = Release|Any CPU
		{182CE17A-E51A-482A-A738-8EF5B9860E73}.Release|Any CPU.Build.0 = Release|Any CPU
		{7C2D2711-498A-45E1-AA9D-46B6C2F57E64}.Debug|Any CPU.ActiveCfg = Debug|Any CPU
		{7C2D2711-498A-45E1-AA9D-46B6C2F57E64}.Debug|Any CPU.Build.0 = Debug|Any CPU
		{7C2D2711-498A-45E1-AA9D-46B6C2F57E64}.Release|Any CPU.ActiveCfg = Release|Any CPU
		{7C2D2711-498A-45E1-AA9D-46B6C2F57E64}.Release|Any CPU.Build.0 = Release|Any CPU
		{0A7B4104-B1DA-41BD-932D-220C8BC0DE57}.Debug|Any CPU.ActiveCfg = Debug|Any CPU
		{0A7B4104-B1DA-41BD-932D-220C8BC0DE57}.Debug|Any CPU.Build.0 = Debug|Any CPU
		{0A7B4104-B1DA-41BD-932D-220C8BC0DE57}.Release|Any CPU.ActiveCfg = Release|Any CPU
		{0A7B4104-B1DA-41BD-932D-220C8BC0DE57}.Release|Any CPU.Build.0 = Release|Any CPU
		{7ABDD1BF-B5BB-4469-B8CE-4A0A59D7476B}.Debug|Any CPU.ActiveCfg = Debug|Any CPU
		{7ABDD1BF-B5BB-4469-B8CE-4A0A59D7476B}.Debug|Any CPU.Build.0 = Debug|Any CPU
		{7ABDD1BF-B5BB-4469-B8CE-4A0A59D7476B}.Release|Any CPU.ActiveCfg = Release|Any CPU
		{7ABDD1BF-B5BB-4469-B8CE-4A0A59D7476B}.Release|Any CPU.Build.0 = Release|Any CPU
	EndGlobalSection
	GlobalSection(SolutionProperties) = preSolution
		HideSolutionNode = FALSE
	EndGlobalSection
	GlobalSection(ExtensibilityGlobals) = postSolution
		SolutionGuid = {D590C187-3952-40A7-B2CC-03420087C60A}
	EndGlobalSection
EndGlobal
